
Microsoft Visual Studio Solution File, Format Version 12.00
# Visual Studio Version 17
VisualStudioVersion = 17.5.33627.172
MinimumVisualStudioVersion = 10.0.40219.1
Project("{9A19103F-16F7-4668-BE54-9A1E7A4F7556}") = "OqSoqolGallery.Date", "OqSoqolGallery.Date\OqSoqolGallery.Date.csproj", "{6F502284-D90B-426B-8E3F-E0D45F8CAC5A}"
EndProject
Project("{9A19103F-16F7-4668-BE54-9A1E7A4F7556}") = "OqSoqolGallery.Domain", "OqSoqolGallery.Domain\OqSoqolGallery.Domain.csproj", "{ADC5AA38-0798-426F-8C8F-0C6CA2EEEB6B}"
EndProject
Global
	GlobalSection(SolutionConfigurationPlatforms) = preSolution
		Debug|Any CPU = Debug|Any CPU
		Release|Any CPU = Release|Any CPU
	EndGlobalSection
	GlobalSection(ProjectConfigurationPlatforms) = postSolution
		{6F502284-D90B-426B-8E3F-E0D45F8CAC5A}.Debug|Any CPU.ActiveCfg = Debug|Any CPU
		{6F502284-D90B-426B-8E3F-E0D45F8CAC5A}.Debug|Any CPU.Build.0 = Debug|Any CPU
		{6F502284-D90B-426B-8E3F-E0D45F8CAC5A}.Release|Any CPU.ActiveCfg = Release|Any CPU
		{6F502284-D90B-426B-8E3F-E0D45F8CAC5A}.Release|Any CPU.Build.0 = Release|Any CPU
		{ADC5AA38-0798-426F-8C8F-0C6CA2EEEB6B}.Debug|Any CPU.ActiveCfg = Debug|Any CPU
		{ADC5AA38-0798-426F-8C8F-0C6CA2EEEB6B}.Debug|Any CPU.Build.0 = Debug|Any CPU
		{ADC5AA38-0798-426F-8C8F-0C6CA2EEEB6B}.Release|Any CPU.ActiveCfg = Release|Any CPU
		{ADC5AA38-0798-426F-8C8F-0C6CA2EEEB6B}.Release|Any CPU.Build.0 = Release|Any CPU
	EndGlobalSection
	GlobalSection(SolutionProperties) = preSolution
		HideSolutionNode = FALSE
	EndGlobalSection
	GlobalSection(ExtensibilityGlobals) = postSolution
		SolutionGuid = {CDD4E69D-D231-408E-9FA7-B0BB923C93FD}
	EndGlobalSection
EndGlobal
